
Microsoft Visual Studio Solution File, Format Version 12.00
# Visual Studio Version 17
VisualStudioVersion = 17.8.34330.188
MinimumVisualStudioVersion = 10.0.40219.1
Project("{9A19103F-16F7-4668-BE54-9A1E7A4F7556}") = "RedisPubSub.API", "RedisPubSub.API\RedisPubSub.API.csproj", "{FEB2E43B-0A05-44C1-95ED-7C2993BB3D4F}"
EndProject
Project("{FAE04EC0-301F-11D3-BF4B-00C04F79EFBC}") = "RedisPubSub.Repository", "RedisPubSub.Repository\RedisPubSub.Repository.csproj", "{6BB224E0-ABA0-4BC5-9A69-88B566C1815C}"
EndProject
Global
	GlobalSection(SolutionConfigurationPlatforms) = preSolution
		Debug|Any CPU = Debug|Any CPU
		Release|Any CPU = Release|Any CPU
	EndGlobalSection
	GlobalSection(ProjectConfigurationPlatforms) = postSolution
		{FEB2E43B-0A05-44C1-95ED-7C2993BB3D4F}.Debug|Any CPU.ActiveCfg = Debug|Any CPU
		{FEB2E43B-0A05-44C1-95ED-7C2993BB3D4F}.Debug|Any CPU.Build.0 = Debug|Any CPU
		{FEB2E43B-0A05-44C1-95ED-7C2993BB3D4F}.Release|Any CPU.ActiveCfg = Release|Any CPU
		{FEB2E43B-0A05-44C1-95ED-7C2993BB3D4F}.Release|Any CPU.Build.0 = Release|Any CPU
		{6BB224E0-ABA0-4BC5-9A69-88B566C1815C}.Debug|Any CPU.ActiveCfg = Debug|Any CPU
		{6BB224E0-ABA0-4BC5-9A69-88B566C1815C}.Debug|Any CPU.Build.0 = Debug|Any CPU
		{6BB224E0-ABA0-4BC5-9A69-88B566C1815C}.Release|Any CPU.ActiveCfg = Release|Any CPU
		{6BB224E0-ABA0-4BC5-9A69-88B566C1815C}.Release|Any CPU.Build.0 = Release|Any CPU
	EndGlobalSection
	GlobalSection(SolutionProperties) = preSolution
		HideSolutionNode = FALSE
	EndGlobalSection
	GlobalSection(ExtensibilityGlobals) = postSolution
		SolutionGuid = {17CBEEFE-AD44-44B8-B048-0CC9034502A5}
	EndGlobalSection
EndGlobal
